github.com/appleboy/com v0.0.8 h1:sicxfC2hRQLu8JX5sG9DwrT+qmo9G2JbN3/QD/YGZaU=
github.com/appleboy/com v0.0.8/go.mod h1:jnufjIC3opMlReyPPPye+8JqNvUzLm25o7h6SOy8nv0=
github.com/google/go-cmp v0.5.2 h1:X2ev0eStA3AbceY54o37/0PQ/UWqKEiiO2dKL5OPaFM=
github.com/google/go-cmp v0.5.2/go.mod h1:v8dTdLbMG2kIc/vJvl+f65V22dbkXbowE6jgT/gNBxE=
github.com/kamitom/stringrv v0.0.0-20200927044339-32381f069da1 h1:GKF8lW+irFLRpKOuudaM9rb07hMq6awqnBeGFyGiFc4=
github.com/kamitom/stringrv v0.0.0-20200927044339-32381f069da1/go.mod h1:UjRxDhCcf/4Z8R2wdaCq2nBQeZ5L7WqkerPlZT6cNYk=
golang.org/x/text v0.0.0-20170915032832-14c0d48ead0c h1:qgOY6WgZOaTkIIMiVjBQcw93ERBE4m30iBm00nkL0i8=
golang.org/x/text v0.0.0-20170915032832-14c0d48ead0c/go.mod h1:NqM8EUOU14njkJ3fqMW+pc6Ldnwhi/IjpwHt7yyuwOQ=
golang.org/x/xerrors v0.0.0-20191204190536-9bdfabe68543/go.mod h1:I/5z698sn9Ka8TeJc9MKroUUfqBBauWjQqLJ2OPfmY0=
rsc.io/quote v1.5.2 h1:w5fcysjrx7yqtD/aO+QwRjYZOKnaM9Uh2b40tElTs3Y=
rsc.io/quote v1.5.2/go.mod h1:LzX7hefJvL54yjefDEDHNONDjII0t9xZLPXsUe+TKr0=
rsc.io/sampler v1.3.0 h1:7uVkIFmeBqHfdjD+gZwtXXI+RODJ2Wc4O7MPEh/QiW4=
rsc.io/sampler v1.3.0/go.mod h1:T1hPZKmBbMNahiBKFy5HrXp6adAjACjK9JXDnKaTXpA=
syreclabs.com/go/faker v1.2.2 h1:D6ImaMO9Ht3RYmGbrCHiXJIDmqdkPMqK21BR3Es7sYY=
syreclabs.com/go/faker v1.2.2/go.mod h1:NAXInmkPsC2xuO5MKZFe80PUXX5LU8cFdJIHGs+nSBE=
